
Microsoft Visual Studio Solution File, Format Version 12.00
# Visual Studio Version 16
VisualStudioVersion = 16.0.30413.136
MinimumVisualStudioVersion = 10.0.40219.1
Project("{9A19103F-16F7-4668-BE54-9A1E7A4F7556}") = "CRUD_Razor", "CRUD_Razor\CRUD_Razor.csproj", "{5E74ECFF-43FF-4675-A185-4C514AB4D87A}"
EndProject
Global
	GlobalSection(SolutionConfigurationPlatforms) = preSolution
		Debug|Any CPU = Debug|Any CPU
		Release|Any CPU = Release|Any CPU
	EndGlobalSection
	GlobalSection(ProjectConfigurationPlatforms) = postSolution
		{5E74ECFF-43FF-4675-A185-4C514AB4D87A}.Debug|Any CPU.ActiveCfg = Debug|Any CPU
		{5E74ECFF-43FF-4675-A185-4C514AB4D87A}.Debug|Any CPU.Build.0 = Debug|Any CPU
		{5E74ECFF-43FF-4675-A185-4C514AB4D87A}.Release|Any CPU.ActiveCfg = Release|Any CPU
		{5E74ECFF-43FF-4675-A185-4C514AB4D87A}.Release|Any CPU.Build.0 = Release|Any CPU
	EndGlobalSection
	GlobalSection(SolutionProperties) = preSolution
		HideSolutionNode = FALSE
	EndGlobalSection
	GlobalSection(ExtensibilityGlobals) = postSolution
		SolutionGuid = {BAF00473-E949-4B65-9682-2B68AB24061F}
	EndGlobalSection
EndGlobal
